{
  "name": "webapputils-ds",
  "version": "0.4.7",
  "lockfileVersion": 1,
  "requires": true,
  "dependencies": {
    "@panva/asn1.js": {
      "version": "1.0.0",
      "resolved": "https://registry.npmjs.org/@panva/asn1.js/-/asn1.js-1.0.0.tgz",
      "integrity": "sha512-UdkG3mLEqXgnlKsWanWcgb6dOjUzJ+XC5f+aWw30qrtjxeNUSfKX1cd5FBzOaXQumoe9nIqeZUvrRJS03HCCtw=="
    },
    "bcryptjs": {
      "version": "2.4.3",
      "resolved": "https://registry.npmjs.org/bcryptjs/-/bcryptjs-2.4.3.tgz",
      "integrity": "sha1-mrVie5PmBiH/fNrF2pczAn3x0Ms="
    },
    "bootstrap": {
      "version": "4.4.1",
      "resolved": "https://registry.npmjs.org/bootstrap/-/bootstrap-4.4.1.tgz",
      "integrity": "sha512-tbx5cHubwE6e2ZG7nqM3g/FZ5PQEDMWmMGNrCUBVRPHXTJaH7CBDdsLeu3eCh3B1tzAxTnAbtmrzvWEvT2NNEA=="
    },
    "formidable": {
      "version": "1.2.2",
      "resolved": "https://registry.npmjs.org/formidable/-/formidable-1.2.2.tgz",
      "integrity": "sha512-V8gLm+41I/8kguQ4/o1D3RIHRmhYFG4pnNyonvua+40rqcEmT4+V71yaZ3B457xbbgCsCfjSPi65u/W6vK1U5Q=="
    },
    "jose": {
      "version": "1.26.1",
      "resolved": "https://registry.npmjs.org/jose/-/jose-1.26.1.tgz",
      "integrity": "sha512-2WQu8SezuTI/1FqvzEJGNLiSojGyFwnZK562rwoz2yx02Ad8k0IQ37bt7UaF/oyQiyn7he4VFfQnOAB5EHHUVw==",
      "requires": {
        "@panva/asn1.js": "^1.0.0"
      }
    },
    "jquery": {
      "version": "3.5.0",
      "resolved": "https://registry.npmjs.org/jquery/-/jquery-3.5.0.tgz",
      "integrity": "sha512-Xb7SVYMvygPxbFMpTFQiHh1J7HClEaThguL15N/Gg37Lri/qKyhRGZYzHRyLH8Stq3Aow0LsHO2O2ci86fCrNQ=="
    },
    "mimetype": {
      "version": "0.0.8",
      "resolved": "https://registry.npmjs.org/mimetype/-/mimetype-0.0.8.tgz",
      "integrity": "sha1-+zACJ5S793Jct7Rt+CDofdkf0IY="
    },
    "uuid": {
      "version": "7.0.3",
      "resolved": "https://registry.npmjs.org/uuid/-/uuid-7.0.3.tgz",
      "integrity": "sha512-DPSke0pXhTZgoF/d+WSt2QaKMCFSfx7QegxEWT+JOuHF5aWrKEn0G+ztjuJg/gG8/ItK+rbPCD/yNv8yyih6Cg=="
    },
    "ws": {
      "version": "7.2.5",
      "resolved": "https://registry.npmjs.org/ws/-/ws-7.2.5.tgz",
      "integrity": "sha512-C34cIU4+DB2vMyAbmEKossWq2ZQDr6QEyuuCzWrM9zfw1sGc0mYiJ0UnG9zzNykt49C2Fi34hvr2vssFQRS6EA=="
    }
  }
}
